<?xml version="1.0" encoding="utf-8"?>
<Project ToolsVersion="4.0" xmlns="http://schemas.microsoft.com/developer/msbuild/2003">
  <ItemGroup>
    <Filter Include="Source Files">
      <UniqueIdentifier>{4FC737F1-C7A5-4376-A066-2A32D752A2FF}</UniqueIdentifier>
      <Extensions>cpp;c;cc;cxx;def;odl;idl;hpj;bat;asm;asmx</Extensions>
    </Filter>
    <Filter Include="Header Files">
      <UniqueIdentifier>{93995380-89BD-4b04-88EB-625FBE52EBFB}</UniqueIdentifier>
      <Extensions>h;hpp;hxx;hm;inl;inc;xsd</Extensions>
    </Filter>
    <Filter Include="Resource Files">
      <UniqueIdentifier>{67DA6AB6-F800-4c08-8B7A-83BB121AAD01}</UniqueIdentifier>
      <Extensions>rc;ico;cur;bmp;dlg;rc2;rct;bin;rgs;gif;jpg;jpeg;jpe;resx;tiff;tif;png;wav</Extensions>
    </Filter>
  </ItemGroup>
  <ItemGroup>
    <ClCompile Include="AssemblyInfo.cpp">
      <Filter>Source Files</Filter>
    </ClCompile>
    <ClCompile Include="stdafx.cpp">
      <Filter>Source Files</Filter>
    </ClCompile>
    <ClCompile Include="MagMaestro.cpp">
      <Filter>Source Files</Filter>
    </ClCompile>
  </ItemGroup>
  <ItemGroup>
    <ClInclude Include="Form1.h">
      <Filter>Header Files</Filter>
    </ClInclude>
    <ClInclude Include="stdafx.h">
      <Filter>Header Files</Filter>
    </ClInclude>
    <ClInclude Include="resource.h">
      <Filter>Header Files</Filter>
    </ClInclude>
  </ItemGroup>
  <ItemGroup>
    <Image Include="app.ico">
      <Filter>Resource Files</Filter>
    </Image>
    <Image Include="Pictures\Status light\Not Ready.bmp">
      <Filter>Resource Files</Filter>
    </Image>
    <Image Include="Pictures\Status light\Ready.bmp">
      <Filter>Resource Files</Filter>
    </Image>
    <Image Include="Pictures\logo\xbox360logo gray.bmp">
      <Filter>Resource Files</Filter>
    </Image>
    <Image Include="Pictures\buttons\bmp\Ddown.bmp">
      <Filter>Resource Files</Filter>
    </Image>
    <Image Include="Pictures\buttons\bmp\Dleft.bmp">
      <Filter>Resource Files</Filter>
    </Image>
    <Image Include="Pictures\buttons\bmp\Dpad.bmp">
      <Filter>Resource Files</Filter>
    </Image>
    <Image Include="Pictures\buttons\bmp\Dright.bmp">
      <Filter>Resource Files</Filter>
    </Image>
    <Image Include="Pictures\buttons\bmp\Dup.bmp">
      <Filter>Resource Files</Filter>
    </Image>
    <Image Include="Pictures\buttons\bmp\Abutton.bmp">
      <Filter>Resource Files</Filter>
    </Image>
    <Image Include="Pictures\buttons\bmp\Bbutton.bmp">
      <Filter>Resource Files</Filter>
    </Image>
    <Image Include="Pictures\buttons\bmp\Xbutton.bmp">
      <Filter>Resource Files</Filter>
    </Image>
    <Image Include="Pictures\buttons\bmp\Ybutton.bmp">
      <Filter>Resource Files</Filter>
    </Image>
    <Image Include="Pictures\buttons\bmp\RT.bmp">
      <Filter>Resource Files</Filter>
    </Image>
    <Image Include="Pictures\buttons\bmp\LT.bmp">
      <Filter>Resource Files</Filter>
    </Image>
    <Image Include="Pictures\buttons\bmp\LSbutton.bmp">
      <Filter>Resource Files</Filter>
    </Image>
    <Image Include="Pictures\buttons\bmp\RSbutton.bmp">
      <Filter>Resource Files</Filter>
    </Image>
    <Image Include="Pictures\buttons\bmp\Xbutton gray.bmp">
      <Filter>Resource Files</Filter>
    </Image>
    <Image Include="Pictures\buttons\bmp\Bbutton gray.bmp">
      <Filter>Resource Files</Filter>
    </Image>
    <Image Include="Pictures\buttons\bmp\Abutton gray.bmp">
      <Filter>Resource Files</Filter>
    </Image>
    <Image Include="Pictures\buttons\bmp\Ybutton gray.bmp">
      <Filter>Resource Files</Filter>
    </Image>
    <Image Include="Pictures\buttons\bmp\Backbutton.bmp">
      <Filter>Resource Files</Filter>
    </Image>
    <Image Include="Pictures\buttons\bmp\Startbutton.bmp">
      <Filter>Resource Files</Filter>
    </Image>
    <Image Include="Pictures\buttons\bmp\LBbutton.bmp">
      <Filter>Resource Files</Filter>
    </Image>
    <Image Include="Pictures\buttons\bmp\RBbutton.bmp">
      <Filter>Resource Files</Filter>
    </Image>
    <Image Include="MMIcon.ico">
      <Filter>Resource Files</Filter>
    </Image>
    <Image Include="Pictures\Splash.png">
      <Filter>Resource Files</Filter>
    </Image>
    <Image Include="Pictures\logo\xbox360logo.bmp">
      <Filter>Resource Files</Filter>
    </Image>
    <Image Include="ICON.bmp">
      <Filter>Resource Files</Filter>
    </Image>
    <Image Include="icon.ico">
      <Filter>Resource Files</Filter>
    </Image>
    <Image Include="Pictures\MMIcon.ico">
      <Filter>Resource Files</Filter>
    </Image>
  </ItemGroup>
  <ItemGroup>
    <None Include="MagMaestro.psess">
      <Filter>Resource Files</Filter>
    </None>
  </ItemGroup>
  <ItemGroup>
    <EmbeddedResource Include="Form1.resX">
      <Filter>Resource Files</Filter>
    </EmbeddedResource>
  </ItemGroup>
  <ItemGroup>
    <ResourceCompile Include="app.rc">
      <Filter>Resource Files</Filter>
    </ResourceCompile>
  </ItemGroup>
  <ItemGroup>
    <Media Include="Sounds\beep-07.wav">
      <Filter>Resource Files</Filter>
    </Media>
    <Media Include="Sounds\confirmBeep.wav">
      <Filter>Resource Files</Filter>
    </Media>
  </ItemGroup>
</Project>